dependencies:
  espressif/esp_libsrtp:
    component_hash: 131560184c73ec09f77d8904a2db709307803f0f9f111898921b6966776eac15
    dependencies: []
    source:
      registry_url: https://components.espressif.com/
      type: service
    version: 1.0.0
  espressif/led_strip:
    component_hash: 28621486f77229aaf81c71f5e15d6fbf36c2949cf11094e07090593e659e7639
    dependencies:
    - name: idf
      require: private
      version: '>=5.0'
    source:
      registry_url: https://components.espressif.com/
      type: service
    version: 3.0.3
  idf:
    source:
      type: idf
    version: 5.5.3
direct_dependencies:
- espressif/esp_libsrtp
- espressif/led_strip
- idf
manifest_hash: 46625b233f9041c33ec70dea71938501e0865975d40491c7a797b36665f92fb7
target: esp32s3
version: 2.0.0
